
Microsoft Visual Studio Solution File, Format Version 12.00
# Visual Studio Version 17
VisualStudioVersion = 17.4.33122.133
MinimumVisualStudioVersion = 10.0.40219.1
Project("{FAE04EC0-301F-11D3-BF4B-00C04F79EFBC}") = "ClassMembers", "ClassMembers\ClassMembers.csproj", "{49F4CA9A-886C-4E33-B014-488CC77128DF}"
EndProject
Global
	GlobalSection(SolutionConfigurationPlatforms) = preSolution
		Debug|Any CPU = Debug|Any CPU
		Release|Any CPU = Release|Any CPU
	EndGlobalSection
	GlobalSection(ProjectConfigurationPlatforms) = postSolution
		{49F4CA9A-886C-4E33-B014-488CC77128DF}.Debug|Any CPU.ActiveCfg = Debug|Any CPU
		{49F4CA9A-886C-4E33-B014-488CC77128DF}.Debug|Any CPU.Build.0 = Debug|Any CPU
		{49F4CA9A-886C-4E33-B014-488CC77128DF}.Release|Any CPU.ActiveCfg = Release|Any CPU
		{49F4CA9A-886C-4E33-B014-488CC77128DF}.Release|Any CPU.Build.0 = Release|Any CPU
	EndGlobalSection
	GlobalSection(SolutionProperties) = preSolution
		HideSolutionNode = FALSE
	EndGlobalSection
	GlobalSection(ExtensibilityGlobals) = postSolution
		SolutionGuid = {26FF1B51-B40D-45A1-A915-4A269D441455}
	EndGlobalSection
EndGlobal
