
Microsoft Visual Studio Solution File, Format Version 12.00
# Visual Studio Version 17
VisualStudioVersion = 17.4.33122.133
MinimumVisualStudioVersion = 10.0.40219.1
Project("{9A19103F-16F7-4668-BE54-9A1E7A4F7556}") = "ClassMembers", "ClassMembers\ClassMembers.csproj", "{49F4CA9A-886C-4E33-B014-488CC77128DF}"
EndProject
Project("{9A19103F-16F7-4668-BE54-9A1E7A4F7556}") = "ObjectCopy", "ObjectCopy\ObjectCopy.csproj", "{5B34F400-5AEB-49C5-BA63-F32062056E74}"
EndProject
Project("{9A19103F-16F7-4668-BE54-9A1E7A4F7556}") = "Encapsulation", "Encapsulation\Encapsulation.csproj", "{EB4AB8A5-8A47-4398-9B4A-A7876DCF61CB}"
EndProject
Project("{9A19103F-16F7-4668-BE54-9A1E7A4F7556}") = "Records", "Records\Records.csproj", "{F45E6F22-B9EC-4868-BB92-CC8E084EAD19}"
EndProject
Project("{9A19103F-16F7-4668-BE54-9A1E7A4F7556}") = "SpecialClassMembers", "SpecialClassMembers\SpecialClassMembers.csproj", "{390AC474-766D-4D35-BB8A-694175AFFAC9}"
EndProject
Project("{9A19103F-16F7-4668-BE54-9A1E7A4F7556}") = "Inheritance", "Inheritance\Inheritance.csproj", "{8765173D-AB29-43DB-8C2B-9CBF1EA86A38}"
EndProject
Project("{9A19103F-16F7-4668-BE54-9A1E7A4F7556}") = "VirtualClassMembers", "VirtualClassMembers\VirtualClassMembers.csproj", "{20575432-DAAE-4E44-A635-25EFF6C7EDF6}"
EndProject
Project("{FAE04EC0-301F-11D3-BF4B-00C04F79EFBC}") = "Polimorfizm", "Polimorfizm\Polimorfizm.csproj", "{6FA0260F-F879-4366-AB59-E10A9AAC50CB}"
EndProject
Global
	GlobalSection(SolutionConfigurationPlatforms) = preSolution
		Debug|Any CPU = Debug|Any CPU
		Release|Any CPU = Release|Any CPU
	EndGlobalSection
	GlobalSection(ProjectConfigurationPlatforms) = postSolution
		{49F4CA9A-886C-4E33-B014-488CC77128DF}.Debug|Any CPU.ActiveCfg = Debug|Any CPU
		{49F4CA9A-886C-4E33-B014-488CC77128DF}.Debug|Any CPU.Build.0 = Debug|Any CPU
		{49F4CA9A-886C-4E33-B014-488CC77128DF}.Release|Any CPU.ActiveCfg = Release|Any CPU
		{49F4CA9A-886C-4E33-B014-488CC77128DF}.Release|Any CPU.Build.0 = Release|Any CPU
		{5B34F400-5AEB-49C5-BA63-F32062056E74}.Debug|Any CPU.ActiveCfg = Debug|Any CPU
		{5B34F400-5AEB-49C5-BA63-F32062056E74}.Debug|Any CPU.Build.0 = Debug|Any CPU
		{5B34F400-5AEB-49C5-BA63-F32062056E74}.Release|Any CPU.ActiveCfg = Release|Any CPU
		{5B34F400-5AEB-49C5-BA63-F32062056E74}.Release|Any CPU.Build.0 = Release|Any CPU
		{EB4AB8A5-8A47-4398-9B4A-A7876DCF61CB}.Debug|Any CPU.ActiveCfg = Debug|Any CPU
		{EB4AB8A5-8A47-4398-9B4A-A7876DCF61CB}.Debug|Any CPU.Build.0 = Debug|Any CPU
		{EB4AB8A5-8A47-4398-9B4A-A7876DCF61CB}.Release|Any CPU.ActiveCfg = Release|Any CPU
		{EB4AB8A5-8A47-4398-9B4A-A7876DCF61CB}.Release|Any CPU.Build.0 = Release|Any CPU
		{F45E6F22-B9EC-4868-BB92-CC8E084EAD19}.Debug|Any CPU.ActiveCfg = Debug|Any CPU
		{F45E6F22-B9EC-4868-BB92-CC8E084EAD19}.Debug|Any CPU.Build.0 = Debug|Any CPU
		{F45E6F22-B9EC-4868-BB92-CC8E084EAD19}.Release|Any CPU.ActiveCfg = Release|Any CPU
		{F45E6F22-B9EC-4868-BB92-CC8E084EAD19}.Release|Any CPU.Build.0 = Release|Any CPU
		{390AC474-766D-4D35-BB8A-694175AFFAC9}.Debug|Any CPU.ActiveCfg = Debug|Any CPU
		{390AC474-766D-4D35-BB8A-694175AFFAC9}.Debug|Any CPU.Build.0 = Debug|Any CPU
		{390AC474-766D-4D35-BB8A-694175AFFAC9}.Release|Any CPU.ActiveCfg = Release|Any CPU
		{390AC474-766D-4D35-BB8A-694175AFFAC9}.Release|Any CPU.Build.0 = Release|Any CPU
		{8765173D-AB29-43DB-8C2B-9CBF1EA86A38}.Debug|Any CPU.ActiveCfg = Debug|Any CPU
		{8765173D-AB29-43DB-8C2B-9CBF1EA86A38}.Debug|Any CPU.Build.0 = Debug|Any CPU
		{8765173D-AB29-43DB-8C2B-9CBF1EA86A38}.Release|Any CPU.ActiveCfg = Release|Any CPU
		{8765173D-AB29-43DB-8C2B-9CBF1EA86A38}.Release|Any CPU.Build.0 = Release|Any CPU
		{20575432-DAAE-4E44-A635-25EFF6C7EDF6}.Debug|Any CPU.ActiveCfg = Debug|Any CPU
		{20575432-DAAE-4E44-A635-25EFF6C7EDF6}.Debug|Any CPU.Build.0 = Debug|Any CPU
		{20575432-DAAE-4E44-A635-25EFF6C7EDF6}.Release|Any CPU.ActiveCfg = Release|Any CPU
		{20575432-DAAE-4E44-A635-25EFF6C7EDF6}.Release|Any CPU.Build.0 = Release|Any CPU
		{6FA0260F-F879-4366-AB59-E10A9AAC50CB}.Debug|Any CPU.ActiveCfg = Debug|Any CPU
		{6FA0260F-F879-4366-AB59-E10A9AAC50CB}.Debug|Any CPU.Build.0 = Debug|Any CPU
		{6FA0260F-F879-4366-AB59-E10A9AAC50CB}.Release|Any CPU.ActiveCfg = Release|Any CPU
		{6FA0260F-F879-4366-AB59-E10A9AAC50CB}.Release|Any CPU.Build.0 = Release|Any CPU
	EndGlobalSection
	GlobalSection(SolutionProperties) = preSolution
		HideSolutionNode = FALSE
	EndGlobalSection
	GlobalSection(ExtensibilityGlobals) = postSolution
		SolutionGuid = {26FF1B51-B40D-45A1-A915-4A269D441455}
	EndGlobalSection
EndGlobal
